{
  "name": "editable-list",
  "version": "0.0.1",
  "lockfileVersion": 1,
  "requires": true,
  "dependencies": {
    "@angular/common": {
      "version": "7.2.15",
      "resolved": "https://registry.npmjs.org/@angular/common/-/common-7.2.15.tgz",
      "integrity": "sha512-2b5JY2HWVHCf3D1GZjmde7jdAXSTXkYtmjLtA9tQkjOOTr80eHpNSujQqnzb97dk9VT9OjfjqTQd7K3pxZz8jw==",
      "requires": {
        "tslib": "^1.9.0"
      }
    },
    "@angular/core": {
      "version": "7.2.15",
      "resolved": "https://registry.npmjs.org/@angular/core/-/core-7.2.15.tgz",
      "integrity": "sha512-XsuYm0jEU/mOqwDOk2utThv8J9kESkAerfuCHClE9rB2TtHUOGCfekF7lJWqjjypu6/J9ygoPFo7hdAE058ZGg==",
      "requires": {
        "tslib": "^1.9.0"
      }
    },
    "@angular/forms": {
      "version": "7.2.0",
      "resolved": "https://registry.npmjs.org/@angular/forms/-/forms-7.2.0.tgz",
      "integrity": "sha512-vgnKgThitbaSQekTFt8qCFejnBwBMNJDUm7LJFcvRn4wcZKArTARTfSKHudNYCjTEqs9/YT4TJQTm9flVRbUJw==",
      "requires": {
        "tslib": "^1.9.0"
      }
    },
    "@angular/material": {
      "version": "7.3.7",
      "resolved": "https://registry.npmjs.org/@angular/material/-/material-7.3.7.tgz",
      "integrity": "sha512-Eq+7frkeNGkLOfEtmkmJgR+AgoWajOipXZWWfCSamNfpCcPof82DwvGOpAmgGni9FuN2XFQdqP5MoaffQzIvUA==",
      "requires": {
        "tslib": "^1.7.1"
      }
    },
    "@angular/platform-browser": {
      "version": "7.2.15",
      "resolved": "https://registry.npmjs.org/@angular/platform-browser/-/platform-browser-7.2.15.tgz",
      "integrity": "sha512-aYgmPsbC9Tvp9vmKWD8voeAp4crwCay7/D6lM3ClEe2EeK934LuEXq3/uczMrFVbnIX7BBIo8fh03Tl7wbiGPw==",
      "requires": {
        "tslib": "^1.9.0"
      }
    },
    "tslib": {
      "version": "1.9.3",
      "resolved": "https://registry.npmjs.org/tslib/-/tslib-1.9.3.tgz",
      "integrity": "sha512-4krF8scpejhaOgqzBEcGM7yDIEfi0/8+8zDRZhNZZ2kjmHJ4hv3zCbQWxoJGz1iw5U0Jl0nma13xzHXcncMavQ=="
    }
  }
}
